// !$*UTF8*$!
{
	archiveVersion = 1;
	classes = {
	};
	objectVersion = 46;
	objects = {

/* Begin PBXBuildFile section */
		71BE959B1A8DB20B003B8BE0 /* Parse.framework in Frameworks */ = {isa = PBXBuildFile; fileRef = 71BE95991A8DB20B003B8BE0 /* Parse.framework */; };
		71BE959E1A8DC4A6003B8BE0 /* EventTableViewCell.m in Sources */ = {isa = PBXBuildFile; fileRef = 71BE959D1A8DC4A6003B8BE0 /* EventTableViewCell.m */; };
		A47F517D1A874785007656E7 /* Event.m in Sources */ = {isa = PBXBuildFile; fileRef = A47F517C1A874785007656E7 /* Event.m */; };
		A47F51831A875780007656E7 /* AudioToolbox.framework in Frameworks */ = {isa = PBXBuildFile; fileRef = A47F51821A875780007656E7 /* AudioToolbox.framework */; };
		A47F51871A875793007656E7 /* CFNetwork.framework in Frameworks */ = {isa = PBXBuildFile; fileRef = A47F51841A875793007656E7 /* CFNetwork.framework */; };
		A47F51881A875793007656E7 /* CoreGraphics.framework in Frameworks */ = {isa = PBXBuildFile; fileRef = A47F51851A875793007656E7 /* CoreGraphics.framework */; };
		A47F51891A875793007656E7 /* CoreLocation.framework in Frameworks */ = {isa = PBXBuildFile; fileRef = A47F51861A875793007656E7 /* CoreLocation.framework */; };
		A47F518B1A87579B007656E7 /* MobileCoreServices.framework in Frameworks */ = {isa = PBXBuildFile; fileRef = A47F518A1A87579B007656E7 /* MobileCoreServices.framework */; };
		A47F518D1A8757A2007656E7 /* QuartzCore.framework in Frameworks */ = {isa = PBXBuildFile; fileRef = A47F518C1A8757A2007656E7 /* QuartzCore.framework */; };
		A47F518F1A8757AC007656E7 /* Security.framework in Frameworks */ = {isa = PBXBuildFile; fileRef = A47F518E1A8757AC007656E7 /* Security.framework */; };
		A47F51911A8757B3007656E7 /* StoreKit.framework in Frameworks */ = {isa = PBXBuildFile; fileRef = A47F51901A8757B3007656E7 /* StoreKit.framework */; };
		A47F51931A8757BC007656E7 /* SystemConfiguration.framework in Frameworks */ = {isa = PBXBuildFile; fileRef = A47F51921A8757BC007656E7 /* SystemConfiguration.framework */; };
		A47F51951A8757C4007656E7 /* libz.dylib in Frameworks */ = {isa = PBXBuildFile; fileRef = A47F51941A8757C4007656E7 /* libz.dylib */; };
		A47F51971A8757DC007656E7 /* libsqlite3.dylib in Frameworks */ = {isa = PBXBuildFile; fileRef = A47F51961A8757DC007656E7 /* libsqlite3.dylib */; };
		A47F519A1A8BFB02007656E7 /* ProfileViewController.m in Sources */ = {isa = PBXBuildFile; fileRef = A47F51991A8BFB02007656E7 /* ProfileViewController.m */; };
		A4A748BA1A8C640800A1B2E9 /* UserProfile.m in Sources */ = {isa = PBXBuildFile; fileRef = A4A748B91A8C640800A1B2E9 /* UserProfile.m */; };
		A4A748BD1A8C88AB00A1B2E9 /* AddEventViewController.m in Sources */ = {isa = PBXBuildFile; fileRef = A4A748BC1A8C88AB00A1B2E9 /* AddEventViewController.m */; };
		A4C821EA1A86E3F600DD3FE4 /* main.m in Sources */ = {isa = PBXBuildFile; fileRef = A4C821E91A86E3F600DD3FE4 /* main.m */; };
		A4C821ED1A86E3F600DD3FE4 /* AppDelegate.m in Sources */ = {isa = PBXBuildFile; fileRef = A4C821EC1A86E3F600DD3FE4 /* AppDelegate.m */; };
		A4C821F01A86E3F600DD3FE4 /* MasterViewController.m in Sources */ = {isa = PBXBuildFile; fileRef = A4C821EF1A86E3F600DD3FE4 /* MasterViewController.m */; };
		A4C821F31A86E3F600DD3FE4 /* DetailViewController.m in Sources */ = {isa = PBXBuildFile; fileRef = A4C821F21A86E3F600DD3FE4 /* DetailViewController.m */; };
		A4C821F61A86E3F600DD3FE4 /* Main.storyboard in Resources */ = {isa = PBXBuildFile; fileRef = A4C821F41A86E3F600DD3FE4 /* Main.storyboard */; };
		A4C821F81A86E3F600DD3FE4 /* Images.xcassets in Resources */ = {isa = PBXBuildFile; fileRef = A4C821F71A86E3F600DD3FE4 /* Images.xcassets */; };
		A4C821FB1A86E3F600DD3FE4 /* LaunchScreen.xib in Resources */ = {isa = PBXBuildFile; fileRef = A4C821F91A86E3F600DD3FE4 /* LaunchScreen.xib */; };
		A4C822071A86E3F600DD3FE4 /* AccelerateHackathonTests.m in Sources */ = {isa = PBXBuildFile; fileRef = A4C822061A86E3F600DD3FE4 /* AccelerateHackathonTests.m */; };
/* End PBXBuildFile section */

/* Begin PBXContainerItemProxy section */
		A4C822011A86E3F600DD3FE4 /* PBXContainerItemProxy */ = {
			isa = PBXContainerItemProxy;
			containerPortal = A4C821DC1A86E3F600DD3FE4 /* Project object */;
			proxyType = 1;
			remoteGlobalIDString = A4C821E31A86E3F600DD3FE4;
			remoteInfo = AccelerateHackathon;
		};
/* End PBXContainerItemProxy section */

/* Begin PBXFileReference section */
		71BE95991A8DB20B003B8BE0 /* Parse.framework */ = {isa = PBXFileReference; lastKnownFileType = wrapper.framework; path = Parse.framework; sourceTree = "<group>"; };
		71BE959C1A8DC4A6003B8BE0 /* EventTableViewCell.h */ = {isa = PBXFileReference; fileEncoding = 4; lastKnownFileType = sourcecode.c.h; path = EventTableViewCell.h; sourceTree = "<group>"; };
		71BE959D1A8DC4A6003B8BE0 /* EventTableViewCell.m */ = {isa = PBXFileReference; fileEncoding = 4; lastKnownFileType = sourcecode.c.objc; path = EventTableViewCell.m; sourceTree = "<group>"; };
		A47F517B1A874785007656E7 /* Event.h */ = {isa = PBXFileReference; fileEncoding = 4; lastKnownFileType = sourcecode.c.h; path = Event.h; sourceTree = "<group>"; };
		A47F517C1A874785007656E7 /* Event.m */ = {isa = PBXFileReference; fileEncoding = 4; lastKnownFileType = sourcecode.c.objc; path = Event.m; sourceTree = "<group>"; };
		A47F51821A875780007656E7 /* AudioToolbox.framework */ = {isa = PBXFileReference; lastKnownFileType = wrapper.framework; name = AudioToolbox.framework; path = System/Library/Frameworks/AudioToolbox.framework; sourceTree = SDKROOT; };
		A47F51841A875793007656E7 /* CFNetwork.framework */ = {isa = PBXFileReference; lastKnownFileType = wrapper.framework; name = CFNetwork.framework; path = System/Library/Frameworks/CFNetwork.framework; sourceTree = SDKROOT; };
		A47F51851A875793007656E7 /* CoreGraphics.framework */ = {isa = PBXFileReference; lastKnownFileType = wrapper.framework; name = CoreGraphics.framework; path = System/Library/Frameworks/CoreGraphics.framework; sourceTree = SDKROOT; };
		A47F51861A875793007656E7 /* CoreLocation.framework */ = {isa = PBXFileReference; lastKnownFileType = wrapper.framework; name = CoreLocation.framework; path = System/Library/Frameworks/CoreLocation.framework; sourceTree = SDKROOT; };
		A47F518A1A87579B007656E7 /* MobileCoreServices.framework */ = {isa = PBXFileReference; lastKnownFileType = wrapper.framework; name = MobileCoreServices.framework; path = System/Library/Frameworks/MobileCoreServices.framework; sourceTree = SDKROOT; };
		A47F518C1A8757A2007656E7 /* QuartzCore.framework */ = {isa = PBXFileReference; lastKnownFileType = wrapper.framework; name = QuartzCore.framework; path = System/Library/Frameworks/QuartzCore.framework; sourceTree = SDKROOT; };
		A47F518E1A8757AC007656E7 /* Security.framework */ = {isa = PBXFileReference; lastKnownFileType = wrapper.framework; name = Security.framework; path = System/Library/Frameworks/Security.framework; sourceTree = SDKROOT; };
		A47F51901A8757B3007656E7 /* StoreKit.framework */ = {isa = PBXFileReference; lastKnownFileType = wrapper.framework; name = StoreKit.framework; path = System/Library/Frameworks/StoreKit.framework; sourceTree = SDKROOT; };
		A47F51921A8757BC007656E7 /* SystemConfiguration.framework */ = {isa = PBXFileReference; lastKnownFileType = wrapper.framework; name = SystemConfiguration.framework; path = System/Library/Frameworks/SystemConfiguration.framework; sourceTree = SDKROOT; };
		A47F51941A8757C4007656E7 /* libz.dylib */ = {isa = PBXFileReference; lastKnownFileType = "compiled.mach-o.dylib"; name = libz.dylib; path = usr/lib/libz.dylib; sourceTree = SDKROOT; };
		A47F51961A8757DC007656E7 /* libsqlite3.dylib */ = {isa = PBXFileReference; lastKnownFileType = "compiled.mach-o.dylib"; name = libsqlite3.dylib; path = usr/lib/libsqlite3.dylib; sourceTree = SDKROOT; };
		A47F51981A8BFB02007656E7 /* ProfileViewController.h */ = {isa = PBXFileReference; fileEncoding = 4; lastKnownFileType = sourcecode.c.h; path = ProfileViewController.h; sourceTree = "<group>"; };
		A47F51991A8BFB02007656E7 /* ProfileViewController.m */ = {isa = PBXFileReference; fileEncoding = 4; lastKnownFileType = sourcecode.c.objc; path = ProfileViewController.m; sourceTree = "<group>"; };
		A4A748B81A8C640800A1B2E9 /* UserProfile.h */ = {isa = PBXFileReference; fileEncoding = 4; lastKnownFileType = sourcecode.c.h; path = UserProfile.h; sourceTree = "<group>"; };
		A4A748B91A8C640800A1B2E9 /* UserProfile.m */ = {isa = PBXFileReference; fileEncoding = 4; lastKnownFileType = sourcecode.c.objc; path = UserProfile.m; sourceTree = "<group>"; };
		A4A748BB1A8C88AB00A1B2E9 /* AddEventViewController.h */ = {isa = PBXFileReference; fileEncoding = 4; lastKnownFileType = sourcecode.c.h; path = AddEventViewController.h; sourceTree = "<group>"; };
		A4A748BC1A8C88AB00A1B2E9 /* AddEventViewController.m */ = {isa = PBXFileReference; fileEncoding = 4; lastKnownFileType = sourcecode.c.objc; path = AddEventViewController.m; sourceTree = "<group>"; };
		A4C821E41A86E3F600DD3FE4 /* AccelerateHackathon.app */ = {isa = PBXFileReference; explicitFileType = wrapper.application; includeInIndex = 0; path = AccelerateHackathon.app; sourceTree = BUILT_PRODUCTS_DIR; };
		A4C821E81A86E3F600DD3FE4 /* Info.plist */ = {isa = PBXFileReference; lastKnownFileType = text.plist.xml; path = Info.plist; sourceTree = "<group>"; };
		A4C821E91A86E3F600DD3FE4 /* main.m */ = {isa = PBXFileReference; lastKnownFileType = sourcecode.c.objc; path = main.m; sourceTree = "<group>"; };
		A4C821EB1A86E3F600DD3FE4 /* AppDelegate.h */ = {isa = PBXFileReference; lastKnownFileType = sourcecode.c.h; path = AppDelegate.h; sourceTree = "<group>"; };
		A4C821EC1A86E3F600DD3FE4 /* AppDelegate.m */ = {isa = PBXFileReference; lastKnownFileType = sourcecode.c.objc; path = AppDelegate.m; sourceTree = "<group>"; };
		A4C821EE1A86E3F600DD3FE4 /* MasterViewController.h */ = {isa = PBXFileReference; lastKnownFileType = sourcecode.c.h; path = MasterViewController.h; sourceTree = "<group>"; };
		A4C821EF1A86E3F600DD3FE4 /* MasterViewController.m */ = {isa = PBXFileReference; lastKnownFileType = sourcecode.c.objc; path = MasterViewController.m; sourceTree = "<group>"; };
		A4C821F11A86E3F600DD3FE4 /* DetailViewController.h */ = {isa = PBXFileReference; lastKnownFileType = sourcecode.c.h; path = DetailViewController.h; sourceTree = "<group>"; };
		A4C821F21A86E3F600DD3FE4 /* DetailViewController.m */ = {isa = PBXFileReference; lastKnownFileType = sourcecode.c.objc; path = DetailViewController.m; sourceTree = "<group>"; };
		A4C821F51A86E3F600DD3FE4 /* Base */ = {isa = PBXFileReference; lastKnownFileType = file.storyboard; name = Base; path = Base.lproj/Main.storyboard; sourceTree = "<group>"; };
		A4C821F71A86E3F600DD3FE4 /* Images.xcassets */ = {isa = PBXFileReference; lastKnownFileType = folder.assetcatalog; path = Images.xcassets; sourceTree = "<group>"; };
		A4C821FA1A86E3F600DD3FE4 /* Base */ = {isa = PBXFileReference; lastKnownFileType = file.xib; name = Base; path = Base.lproj/LaunchScreen.xib; sourceTree = "<group>"; };
		A4C822001A86E3F600DD3FE4 /* AccelerateHackathonTests.xctest */ = {isa = PBXFileReference; explicitFileType = wrapper.cfbundle; includeInIndex = 0; path = AccelerateHackathonTests.xctest; sourceTree = BUILT_PRODUCTS_DIR; };
		A4C822051A86E3F600DD3FE4 /* Info.plist */ = {isa = PBXFileReference; lastKnownFileType = text.plist.xml; path = Info.plist; sourceTree = "<group>"; };
		A4C822061A86E3F600DD3FE4 /* AccelerateHackathonTests.m */ = {isa = PBXFileReference; lastKnownFileType = sourcecode.c.objc; path = AccelerateHackathonTests.m; sourceTree = "<group>"; };
/* End PBXFileReference section */

/* Begin PBXFrameworksBuildPhase section */
		A4C821E11A86E3F600DD3FE4 /* Frameworks */ = {
			isa = PBXFrameworksBuildPhase;
			buildActionMask = 2147483647;
			files = (
				A47F51971A8757DC007656E7 /* libsqlite3.dylib in Frameworks */,
				A47F51951A8757C4007656E7 /* libz.dylib in Frameworks */,
				A47F51931A8757BC007656E7 /* SystemConfiguration.framework in Frameworks */,
				A47F51911A8757B3007656E7 /* StoreKit.framework in Frameworks */,
				71BE959B1A8DB20B003B8BE0 /* Parse.framework in Frameworks */,
				A47F518F1A8757AC007656E7 /* Security.framework in Frameworks */,
				A47F518D1A8757A2007656E7 /* QuartzCore.framework in Frameworks */,
				A42370211A8DB98300880721 /* Bolts.framework in Frameworks */,
				A47F518B1A87579B007656E7 /* MobileCoreServices.framework in Frameworks */,
				A47F51871A875793007656E7 /* CFNetwork.framework in Frameworks */,
				A47F51881A875793007656E7 /* CoreGraphics.framework in Frameworks */,
				A47F51891A875793007656E7 /* CoreLocation.framework in Frameworks */,
				A47F51831A875780007656E7 /* AudioToolbox.framework in Frameworks */,
			);
			runOnlyForDeploymentPostprocessing = 0;
		};
		A4C821FD1A86E3F600DD3FE4 /* Frameworks */ = {
			isa = PBXFrameworksBuildPhase;
			buildActionMask = 2147483647;
			files = (
			);
			runOnlyForDeploymentPostprocessing = 0;
		};
/* End PBXFrameworksBuildPhase section */

/* Begin PBXGroup section */
		A47F51711A873DBE007656E7 /* Model */ = {
			isa = PBXGroup;
			children = (
				71BE959C1A8DC4A6003B8BE0 /* EventTableViewCell.h */,
				71BE959D1A8DC4A6003B8BE0 /* EventTableViewCell.m */,
				A47F517B1A874785007656E7 /* Event.h */,
				A47F517C1A874785007656E7 /* Event.m */,
				A4A748B81A8C640800A1B2E9 /* UserProfile.h */,
				A4A748B91A8C640800A1B2E9 /* UserProfile.m */,
			);
			name = Model;
			sourceTree = "<group>";
		};
		A4C821DB1A86E3F600DD3FE4 = {
			isa = PBXGroup;
			children = (
				71BE95991A8DB20B003B8BE0 /* Parse.framework */,
				A42370201A8DB98300880721 /* Bolts.framework */,
				A423701C1A8DB93A00880721 /* Bolts.framework */,
				A47F51961A8757DC007656E7 /* libsqlite3.dylib */,
				A47F51941A8757C4007656E7 /* libz.dylib */,
				A47F51921A8757BC007656E7 /* SystemConfiguration.framework */,
				A47F51901A8757B3007656E7 /* StoreKit.framework */,
				A47F518E1A8757AC007656E7 /* Security.framework */,
				A47F518C1A8757A2007656E7 /* QuartzCore.framework */,
				A47F518A1A87579B007656E7 /* MobileCoreServices.framework */,
				A47F51841A875793007656E7 /* CFNetwork.framework */,
				A47F51851A875793007656E7 /* CoreGraphics.framework */,
				A47F51861A875793007656E7 /* CoreLocation.framework */,
				A47F51821A875780007656E7 /* AudioToolbox.framework */,
				71BE95991A8DB20B003B8BE0 /* Parse.framework */,
				A4C821E61A86E3F600DD3FE4 /* AccelerateHackathon */,
				A4C822031A86E3F600DD3FE4 /* AccelerateHackathonTests */,
				A4C821E51A86E3F600DD3FE4 /* Products */,
			);
			sourceTree = "<group>";
		};
		A4C821E51A86E3F600DD3FE4 /* Products */ = {
			isa = PBXGroup;
			children = (
				A4C821E41A86E3F600DD3FE4 /* AccelerateHackathon.app */,
				A4C822001A86E3F600DD3FE4 /* AccelerateHackathonTests.xctest */,
			);
			name = Products;
			sourceTree = "<group>";
		};
		A4C821E61A86E3F600DD3FE4 /* AccelerateHackathon */ = {
			isa = PBXGroup;
			children = (
				A47F51711A873DBE007656E7 /* Model */,
				A4C821EB1A86E3F600DD3FE4 /* AppDelegate.h */,
				A4C821EC1A86E3F600DD3FE4 /* AppDelegate.m */,
				A47F51981A8BFB02007656E7 /* ProfileViewController.h */,
				A47F51991A8BFB02007656E7 /* ProfileViewController.m */,
				A4C821EE1A86E3F600DD3FE4 /* MasterViewController.h */,
				A4C821EF1A86E3F600DD3FE4 /* MasterViewController.m */,
				A4C821F11A86E3F600DD3FE4 /* DetailViewController.h */,
				A4C821F21A86E3F600DD3FE4 /* DetailViewController.m */,
				A4A748BB1A8C88AB00A1B2E9 /* AddEventViewController.h */,
				A4A748BC1A8C88AB00A1B2E9 /* AddEventViewController.m */,
				A4C821F41A86E3F600DD3FE4 /* Main.storyboard */,
				A4C821F71A86E3F600DD3FE4 /* Images.xcassets */,
				A4C821F91A86E3F600DD3FE4 /* LaunchScreen.xib */,
				A4C821E71A86E3F600DD3FE4 /* Supporting Files */,
			);
			path = AccelerateHackathon;
			sourceTree = "<group>";
		};
		A4C821E71A86E3F600DD3FE4 /* Supporting Files */ = {
			isa = PBXGroup;
			children = (
				A4C821E81A86E3F600DD3FE4 /* Info.plist */,
				A4C821E91A86E3F600DD3FE4 /* main.m */,
			);
			name = "Supporting Files";
			sourceTree = "<group>";
		};
		A4C822031A86E3F600DD3FE4 /* AccelerateHackathonTests */ = {
			isa = PBXGroup;
			children = (
				A4C822061A86E3F600DD3FE4 /* AccelerateHackathonTests.m */,
				A4C822041A86E3F600DD3FE4 /* Supporting Files */,
			);
			path = AccelerateHackathonTests;
			sourceTree = "<group>";
		};
		A4C822041A86E3F600DD3FE4 /* Supporting Files */ = {
			isa = PBXGroup;
			children = (
				A4C822051A86E3F600DD3FE4 /* Info.plist */,
			);
			name = "Supporting Files";
			sourceTree = "<group>";
		};
/* End PBXGroup section */

/* Begin PBXNativeTarget section */
		A4C821E31A86E3F600DD3FE4 /* AccelerateHackathon */ = {
			isa = PBXNativeTarget;
			buildConfigurationList = A4C8220A1A86E3F600DD3FE4 /* Build configuration list for PBXNativeTarget "AccelerateHackathon" */;
			buildPhases = (
				A4C821E01A86E3F600DD3FE4 /* Sources */,
				A4C821E11A86E3F600DD3FE4 /* Frameworks */,
				A4C821E21A86E3F600DD3FE4 /* Resources */,
			);
			buildRules = (
			);
			dependencies = (
			);
			name = AccelerateHackathon;
			productName = AccelerateHackathon;
			productReference = A4C821E41A86E3F600DD3FE4 /* AccelerateHackathon.app */;
			productType = "com.apple.product-type.application";
		};
		A4C821FF1A86E3F600DD3FE4 /* AccelerateHackathonTests */ = {
			isa = PBXNativeTarget;
			buildConfigurationList = A4C8220D1A86E3F600DD3FE4 /* Build configuration list for PBXNativeTarget "AccelerateHackathonTests" */;
			buildPhases = (
				A4C821FC1A86E3F600DD3FE4 /* Sources */,
				A4C821FD1A86E3F600DD3FE4 /* Frameworks */,
				A4C821FE1A86E3F600DD3FE4 /* Resources */,
			);
			buildRules = (
			);
			dependencies = (
				A4C822021A86E3F600DD3FE4 /* PBXTargetDependency */,
			);
			name = AccelerateHackathonTests;
			productName = AccelerateHackathonTests;
			productReference = A4C822001A86E3F600DD3FE4 /* AccelerateHackathonTests.xctest */;
			productType = "com.apple.product-type.bundle.unit-test";
		};
/* End PBXNativeTarget section */

/* Begin PBXProject section */
		A4C821DC1A86E3F600DD3FE4 /* Project object */ = {
			isa = PBXProject;
			attributes = {
				LastUpgradeCheck = 0610;
				ORGANIZATIONNAME = acceleratesf;
				TargetAttributes = {
					A4C821E31A86E3F600DD3FE4 = {
						CreatedOnToolsVersion = 6.1.1;
					};
					A4C821FF1A86E3F600DD3FE4 = {
						CreatedOnToolsVersion = 6.1.1;
						TestTargetID = A4C821E31A86E3F600DD3FE4;
					};
				};
			};
			buildConfigurationList = A4C821DF1A86E3F600DD3FE4 /* Build configuration list for PBXProject "AccelerateHackathon" */;
			compatibilityVersion = "Xcode 3.2";
			developmentRegion = English;
			hasScannedForEncodings = 0;
			knownRegions = (
				en,
				Base,
			);
			mainGroup = A4C821DB1A86E3F600DD3FE4;
			productRefGroup = A4C821E51A86E3F600DD3FE4 /* Products */;
			projectDirPath = "";
			projectRoot = "";
			targets = (
				A4C821E31A86E3F600DD3FE4 /* AccelerateHackathon */,
				A4C821FF1A86E3F600DD3FE4 /* AccelerateHackathonTests */,
			);
		};
/* End PBXProject section */

/* Begin PBXResourcesBuildPhase section */
		A4C821E21A86E3F600DD3FE4 /* Resources */ = {
			isa = PBXResourcesBuildPhase;
			buildActionMask = 2147483647;
			files = (
				A4C821F61A86E3F600DD3FE4 /* Main.storyboard in Resources */,
				A4C821FB1A86E3F600DD3FE4 /* LaunchScreen.xib in Resources */,
				A4C821F81A86E3F600DD3FE4 /* Images.xcassets in Resources */,
			);
			runOnlyForDeploymentPostprocessing = 0;
		};
		A4C821FE1A86E3F600DD3FE4 /* Resources */ = {
			isa = PBXResourcesBuildPhase;
			buildActionMask = 2147483647;
			files = (
			);
			runOnlyForDeploymentPostprocessing = 0;
		};
/* End PBXResourcesBuildPhase section */

/* Begin PBXSourcesBuildPhase section */
		A4C821E01A86E3F600DD3FE4 /* Sources */ = {
			isa = PBXSourcesBuildPhase;
			buildActionMask = 2147483647;
			files = (
				A4C821ED1A86E3F600DD3FE4 /* AppDelegate.m in Sources */,
				A4C821F01A86E3F600DD3FE4 /* MasterViewController.m in Sources */,
				71BE959E1A8DC4A6003B8BE0 /* EventTableViewCell.m in Sources */,
				A4A748BA1A8C640800A1B2E9 /* UserProfile.m in Sources */,
				A47F519A1A8BFB02007656E7 /* ProfileViewController.m in Sources */,
				A4C821EA1A86E3F600DD3FE4 /* main.m in Sources */,
				A4C821F31A86E3F600DD3FE4 /* DetailViewController.m in Sources */,
				A4A748BD1A8C88AB00A1B2E9 /* AddEventViewController.m in Sources */,
				A47F517D1A874785007656E7 /* Event.m in Sources */,
			);
			runOnlyForDeploymentPostprocessing = 0;
		};
		A4C821FC1A86E3F600DD3FE4 /* Sources */ = {
			isa = PBXSourcesBuildPhase;
			buildActionMask = 2147483647;
			files = (
				A4C822071A86E3F600DD3FE4 /* AccelerateHackathonTests.m in Sources */,
			);
			runOnlyForDeploymentPostprocessing = 0;
		};
/* End PBXSourcesBuildPhase section */

/* Begin PBXTargetDependency section */
		A4C822021A86E3F600DD3FE4 /* PBXTargetDependency */ = {
			isa = PBXTargetDependency;
			target = A4C821E31A86E3F600DD3FE4 /* AccelerateHackathon */;
			targetProxy = A4C822011A86E3F600DD3FE4 /* PBXContainerItemProxy */;
		};
/* End PBXTargetDependency section */

/* Begin PBXVariantGroup section */
		A4C821F41A86E3F600DD3FE4 /* Main.storyboard */ = {
			isa = PBXVariantGroup;
			children = (
				A4C821F51A86E3F600DD3FE4 /* Base */,
			);
			name = Main.storyboard;
			sourceTree = "<group>";
		};
		A4C821F91A86E3F600DD3FE4 /* LaunchScreen.xib */ = {
			isa = PBXVariantGroup;
			children = (
				A4C821FA1A86E3F600DD3FE4 /* Base */,
			);
			name = LaunchScreen.xib;
			sourceTree = "<group>";
		};
/* End PBXVariantGroup section */

/* Begin XCBuildConfiguration section */
		A4C822081A86E3F600DD3FE4 /* Debug */ = {
			isa = XCBuildConfiguration;
			buildSettings = {
				ALWAYS_SEARCH_USER_PATHS = NO;
				CLANG_CXX_LANGUAGE_STANDARD = "gnu++0x";
				CLANG_CXX_LIBRARY = "libc++";
				CLANG_ENABLE_MODULES = YES;
				CLANG_ENABLE_OBJC_ARC = YES;
				CLANG_WARN_BOOL_CONVERSION = YES;
				CLANG_WARN_CONSTANT_CONVERSION = YES;
				CLANG_WARN_DIRECT_OBJC_ISA_USAGE = YES_ERROR;
				CLANG_WARN_EMPTY_BODY = YES;
				CLANG_WARN_ENUM_CONVERSION = YES;
				CLANG_WARN_INT_CONVERSION = YES;
				CLANG_WARN_OBJC_ROOT_CLASS = YES_ERROR;
				CLANG_WARN_UNREACHABLE_CODE = YES;
				CLANG_WARN__DUPLICATE_METHOD_MATCH = YES;
				"CODE_SIGN_IDENTITY[sdk=iphoneos*]" = "iPhone Developer";
				COPY_PHASE_STRIP = NO;
				ENABLE_STRICT_OBJC_MSGSEND = YES;
				GCC_C_LANGUAGE_STANDARD = gnu99;
				GCC_DYNAMIC_NO_PIC = NO;
				GCC_OPTIMIZATION_LEVEL = 0;
				GCC_PREPROCESSOR_DEFINITIONS = (
					"DEBUG=1",
					"$(inherited)",
				);
				GCC_SYMBOLS_PRIVATE_EXTERN = NO;
				GCC_WARN_64_TO_32_BIT_CONVERSION = YES;
				GCC_WARN_ABOUT_RETURN_TYPE = YES_ERROR;
				GCC_WARN_UNDECLARED_SELECTOR = YES;
				GCC_WARN_UNINITIALIZED_AUTOS = YES_AGGRESSIVE;
				GCC_WARN_UNUSED_FUNCTION = YES;
				GCC_WARN_UNUSED_VARIABLE = YES;
				IPHONEOS_DEPLOYMENT_TARGET = 8.1;
				MTL_ENABLE_DEBUG_INFO = YES;
				ONLY_ACTIVE_ARCH = YES;
				SDKROOT = iphoneos;
			};
			name = Debug;
		};
		A4C822091A86E3F600DD3FE4 /* Release */ = {
			isa = XCBuildConfiguration;
			buildSettings = {
				ALWAYS_SEARCH_USER_PATHS = NO;
				CLANG_CXX_LANGUAGE_STANDARD = "gnu++0x";
				CLANG_CXX_LIBRARY = "libc++";
				CLANG_ENABLE_MODULES = YES;
				CLANG_ENABLE_OBJC_ARC = YES;
				CLANG_WARN_BOOL_CONVERSION = YES;
				CLANG_WARN_CONSTANT_CONVERSION = YES;
				CLANG_WARN_DIRECT_OBJC_ISA_USAGE = YES_ERROR;
				CLANG_WARN_EMPTY_BODY = YES;
				CLANG_WARN_ENUM_CONVERSION = YES;
				CLANG_WARN_INT_CONVERSION = YES;
				CLANG_WARN_OBJC_ROOT_CLASS = YES_ERROR;
				CLANG_WARN_UNREACHABLE_CODE = YES;
				CLANG_WARN__DUPLICATE_METHOD_MATCH = YES;
				"CODE_SIGN_IDENTITY[sdk=iphoneos*]" = "iPhone Developer";
				COPY_PHASE_STRIP = YES;
				ENABLE_NS_ASSERTIONS = NO;
				ENABLE_STRICT_OBJC_MSGSEND = YES;
				GCC_C_LANGUAGE_STANDARD = gnu99;
				GCC_WARN_64_TO_32_BIT_CONVERSION = YES;
				GCC_WARN_ABOUT_RETURN_TYPE = YES_ERROR;
				GCC_WARN_UNDECLARED_SELECTOR = YES;
				GCC_WARN_UNINITIALIZED_AUTOS = YES_AGGRESSIVE;
				GCC_WARN_UNUSED_FUNCTION = YES;
				GCC_WARN_UNUSED_VARIABLE = YES;
				IPHONEOS_DEPLOYMENT_TARGET = 8.1;
				MTL_ENABLE_DEBUG_INFO = NO;
				SDKROOT = iphoneos;
				VALIDATE_PRODUCT = YES;
			};
			name = Release;
		};
		A4C8220B1A86E3F600DD3FE4 /* Debug */ = {
			isa = XCBuildConfiguration;
			buildSettings = {
				ASSETCATALOG_COMPILER_APPICON_NAME = AppIcon;
				CODE_SIGN_IDENTITY = "iPhone Developer";
				FRAMEWORK_SEARCH_PATHS = (
					"$(inherited)",
					"/Users/sasilukruangrongsorakai/Downloads/parse-library-1.6.2",
					"$(PROJECT_DIR)",
				);
				INFOPLIST_FILE = AccelerateHackathon/Info.plist;
				LD_RUNPATH_SEARCH_PATHS = "$(inherited) @executable_path/Frameworks";
				PRODUCT_NAME = "$(TARGET_NAME)";
			};
			name = Debug;
		};
		A4C8220C1A86E3F600DD3FE4 /* Release */ = {
			isa = XCBuildConfiguration;
			buildSettings = {
				ASSETCATALOG_COMPILER_APPICON_NAME = AppIcon;
				CODE_SIGN_IDENTITY = "iPhone Developer";
				FRAMEWORK_SEARCH_PATHS = (
					"$(inherited)",
					"/Users/sasilukruangrongsorakai/Downloads/parse-library-1.6.2",
					"$(PROJECT_DIR)",
				);
				INFOPLIST_FILE = AccelerateHackathon/Info.plist;
				LD_RUNPATH_SEARCH_PATHS = "$(inherited) @executable_path/Frameworks";
				PRODUCT_NAME = "$(TARGET_NAME)";
			};
			name = Release;
		};
		A4C8220E1A86E3F600DD3FE4 /* Debug */ = {
			isa = XCBuildConfiguration;
			buildSettings = {
				BUNDLE_LOADER = "$(TEST_HOST)";
				FRAMEWORK_SEARCH_PATHS = (
					"$(SDKROOT)/Developer/Library/Frameworks",
					"$(inherited)",
				);
				GCC_PREPROCESSOR_DEFINITIONS = (
					"DEBUG=1",
					"$(inherited)",
				);
				INFOPLIST_FILE = AccelerateHackathonTests/Info.plist;
				LD_RUNPATH_SEARCH_PATHS = "$(inherited) @executable_path/Frameworks @loader_path/Frameworks";
				PRODUCT_NAME = "$(TARGET_NAME)";
				TEST_HOST = "$(BUILT_PRODUCTS_DIR)/AccelerateHackathon.app/AccelerateHackathon";
			};
			name = Debug;
		};
		A4C8220F1A86E3F600DD3FE4 /* Release */ = {
			isa = XCBuildConfiguration;
			buildSettings = {
				BUNDLE_LOADER = "$(TEST_HOST)";
				FRAMEWORK_SEARCH_PATHS = (
					"$(SDKROOT)/Developer/Library/Frameworks",
					"$(inherited)",
				);
				INFOPLIST_FILE = AccelerateHackathonTests/Info.plist;
				LD_RUNPATH_SEARCH_PATHS = "$(inherited) @executable_path/Frameworks @loader_path/Frameworks";
				PRODUCT_NAME = "$(TARGET_NAME)";
				TEST_HOST = "$(BUILT_PRODUCTS_DIR)/AccelerateHackathon.app/AccelerateHackathon";
			};
			name = Release;
		};
/* End XCBuildConfiguration section */

/* Begin XCConfigurationList section */
		A4C821DF1A86E3F600DD3FE4 /* Build configuration list for PBXProject "AccelerateHackathon" */ = {
			isa = XCConfigurationList;
			buildConfigurations = (
				A4C822081A86E3F600DD3FE4 /* Debug */,
				A4C822091A86E3F600DD3FE4 /* Release */,
			);
			defaultConfigurationIsVisible = 0;
			defaultConfigurationName = Release;
		};
		A4C8220A1A86E3F600DD3FE4 /* Build configuration list for PBXNativeTarget "AccelerateHackathon" */ = {
			isa = XCConfigurationList;
			buildConfigurations = (
				A4C8220B1A86E3F600DD3FE4 /* Debug */,
				A4C8220C1A86E3F600DD3FE4 /* Release */,
			);
			defaultConfigurationIsVisible = 0;
			defaultConfigurationName = Release;
		};
		A4C8220D1A86E3F600DD3FE4 /* Build configuration list for PBXNativeTarget "AccelerateHackathonTests" */ = {
			isa = XCConfigurationList;
			buildConfigurations = (
				A4C8220E1A86E3F600DD3FE4 /* Debug */,
				A4C8220F1A86E3F600DD3FE4 /* Release */,
			);
			defaultConfigurationIsVisible = 0;
			defaultConfigurationName = Release;
		};
/* End XCConfigurationList section */
	};
	rootObject = A4C821DC1A86E3F600DD3FE4 /* Project object */;
}
